
Microsoft Visual Studio Solution File, Format Version 12.00
# Visual Studio Version 17
VisualStudioVersion = 17.3.32819.101
MinimumVisualStudioVersion = 10.0.40219.1
Project("{FAE04EC0-301F-11D3-BF4B-00C04F79EFBC}") = "01.Basic Stack Operations", "01.Basic Stack Operations\01.Basic Stack Operations.csproj", "{BFD8C1C0-1F26-4B22-8BA7-3494C164286D}"
EndProject
Global
	GlobalSection(SolutionConfigurationPlatforms) = preSolution
		Debug|Any CPU = Debug|Any CPU
		Release|Any CPU = Release|Any CPU
	EndGlobalSection
	GlobalSection(ProjectConfigurationPlatforms) = postSolution
		{BFD8C1C0-1F26-4B22-8BA7-3494C164286D}.Debug|Any CPU.ActiveCfg = Debug|Any CPU
		{BFD8C1C0-1F26-4B22-8BA7-3494C164286D}.Debug|Any CPU.Build.0 = Debug|Any CPU
		{BFD8C1C0-1F26-4B22-8BA7-3494C164286D}.Release|Any CPU.ActiveCfg = Release|Any CPU
		{BFD8C1C0-1F26-4B22-8BA7-3494C164286D}.Release|Any CPU.Build.0 = Release|Any CPU
	EndGlobalSection
	GlobalSection(SolutionProperties) = preSolution
		HideSolutionNode = FALSE
	EndGlobalSection
	GlobalSection(ExtensibilityGlobals) = postSolution
		SolutionGuid = {8AF8F369-A9FC-452D-8E7B-7DFB9B7AC002}
	EndGlobalSection
EndGlobal
