
Microsoft Visual Studio Solution File, Format Version 12.00
# Visual Studio Version 17
VisualStudioVersion = 17.3.32901.215
MinimumVisualStudioVersion = 10.0.40219.1
Project("{FAE04EC0-301F-11D3-BF4B-00C04F79EFBC}") = "01.Action Point", "01.Action Point\01.Action Point.csproj", "{66615B3B-A308-450B-A01A-6496323BB97B}"
EndProject
Project("{FAE04EC0-301F-11D3-BF4B-00C04F79EFBC}") = "02.Knights of Honor", "02.Knights of Honor\02.Knights of Honor.csproj", "{F141B787-1B71-4E44-A399-88E8171F58DA}"
EndProject
Project("{FAE04EC0-301F-11D3-BF4B-00C04F79EFBC}") = "03.Custom Min Function", "03.Custom Min Function\03.Custom Min Function.csproj", "{80F3A5FA-7DBD-4D5A-A5C1-E4C3785C97A4}"
EndProject
Project("{FAE04EC0-301F-11D3-BF4B-00C04F79EFBC}") = "04.Find Evens or Odds", "04.Find Evens or Odds\04.Find Evens or Odds.csproj", "{33B1E3E1-F3FA-4EFC-8C7A-DF11555FE06F}"
EndProject
Project("{FAE04EC0-301F-11D3-BF4B-00C04F79EFBC}") = "05.Applied Arithmetics", "05.Applied Arithmetics\05.Applied Arithmetics.csproj", "{C25A7EFA-7C8B-440E-94AB-58A7CA1CD4E9}"
EndProject
Global
	GlobalSection(SolutionConfigurationPlatforms) = preSolution
		Debug|Any CPU = Debug|Any CPU
		Release|Any CPU = Release|Any CPU
	EndGlobalSection
	GlobalSection(ProjectConfigurationPlatforms) = postSolution
		{66615B3B-A308-450B-A01A-6496323BB97B}.Debug|Any CPU.ActiveCfg = Debug|Any CPU
		{66615B3B-A308-450B-A01A-6496323BB97B}.Debug|Any CPU.Build.0 = Debug|Any CPU
		{66615B3B-A308-450B-A01A-6496323BB97B}.Release|Any CPU.ActiveCfg = Release|Any CPU
		{66615B3B-A308-450B-A01A-6496323BB97B}.Release|Any CPU.Build.0 = Release|Any CPU
		{F141B787-1B71-4E44-A399-88E8171F58DA}.Debug|Any CPU.ActiveCfg = Debug|Any CPU
		{F141B787-1B71-4E44-A399-88E8171F58DA}.Debug|Any CPU.Build.0 = Debug|Any CPU
		{F141B787-1B71-4E44-A399-88E8171F58DA}.Release|Any CPU.ActiveCfg = Release|Any CPU
		{F141B787-1B71-4E44-A399-88E8171F58DA}.Release|Any CPU.Build.0 = Release|Any CPU
		{80F3A5FA-7DBD-4D5A-A5C1-E4C3785C97A4}.Debug|Any CPU.ActiveCfg = Debug|Any CPU
		{80F3A5FA-7DBD-4D5A-A5C1-E4C3785C97A4}.Debug|Any CPU.Build.0 = Debug|Any CPU
		{80F3A5FA-7DBD-4D5A-A5C1-E4C3785C97A4}.Release|Any CPU.ActiveCfg = Release|Any CPU
		{80F3A5FA-7DBD-4D5A-A5C1-E4C3785C97A4}.Release|Any CPU.Build.0 = Release|Any CPU
		{33B1E3E1-F3FA-4EFC-8C7A-DF11555FE06F}.Debug|Any CPU.ActiveCfg = Debug|Any CPU
		{33B1E3E1-F3FA-4EFC-8C7A-DF11555FE06F}.Debug|Any CPU.Build.0 = Debug|Any CPU
		{33B1E3E1-F3FA-4EFC-8C7A-DF11555FE06F}.Release|Any CPU.ActiveCfg = Release|Any CPU
		{33B1E3E1-F3FA-4EFC-8C7A-DF11555FE06F}.Release|Any CPU.Build.0 = Release|Any CPU
		{C25A7EFA-7C8B-440E-94AB-58A7CA1CD4E9}.Debug|Any CPU.ActiveCfg = Debug|Any CPU
		{C25A7EFA-7C8B-440E-94AB-58A7CA1CD4E9}.Debug|Any CPU.Build.0 = Debug|Any CPU
		{C25A7EFA-7C8B-440E-94AB-58A7CA1CD4E9}.Release|Any CPU.ActiveCfg = Release|Any CPU
		{C25A7EFA-7C8B-440E-94AB-58A7CA1CD4E9}.Release|Any CPU.Build.0 = Release|Any CPU
	EndGlobalSection
	GlobalSection(SolutionProperties) = preSolution
		HideSolutionNode = FALSE
	EndGlobalSection
	GlobalSection(ExtensibilityGlobals) = postSolution
		SolutionGuid = {5B4FEA0B-C5D6-4AED-8C7B-7081DCBAE7EC}
	EndGlobalSection
EndGlobal
