
Microsoft Visual Studio Solution File, Format Version 12.00
# Visual Studio Version 17
VisualStudioVersion = 17.3.32901.215
MinimumVisualStudioVersion = 10.0.40219.1
Project("{9A19103F-16F7-4668-BE54-9A1E7A4F7556}") = "ExtractBytes", "ExtractBytes.csproj", "{4AC4CA81-8DBB-4C90-935D-545A9EF24335}"
EndProject
Global
	GlobalSection(SolutionConfigurationPlatforms) = preSolution
		Debug|Any CPU = Debug|Any CPU
		Release|Any CPU = Release|Any CPU
	EndGlobalSection
	GlobalSection(ProjectConfigurationPlatforms) = postSolution
		{4AC4CA81-8DBB-4C90-935D-545A9EF24335}.Debug|Any CPU.ActiveCfg = Debug|Any CPU
		{4AC4CA81-8DBB-4C90-935D-545A9EF24335}.Debug|Any CPU.Build.0 = Debug|Any CPU
		{4AC4CA81-8DBB-4C90-935D-545A9EF24335}.Release|Any CPU.ActiveCfg = Release|Any CPU
		{4AC4CA81-8DBB-4C90-935D-545A9EF24335}.Release|Any CPU.Build.0 = Release|Any CPU
	EndGlobalSection
	GlobalSection(SolutionProperties) = preSolution
		HideSolutionNode = FALSE
	EndGlobalSection
	GlobalSection(ExtensibilityGlobals) = postSolution
		SolutionGuid = {6BC3A34F-8B2C-4930-9FC2-F6CAAB6F4BFA}
	EndGlobalSection
EndGlobal
